// !$*UTF8*$!
{
	archiveVersion = 1;
	classes = {
	};
	objectVersion = 46;
	objects = {

/* Begin PBXBuildFile section */
		001D290A1C9B87CA00E63823 /* AppDelegate.swift in Sources */ = {isa = PBXBuildFile; fileRef = 001D29091C9B87CA00E63823 /* AppDelegate.swift */; };
		001D290C1C9B87CA00E63823 /* ViewController.swift in Sources */ = {isa = PBXBuildFile; fileRef = 001D290B1C9B87CA00E63823 /* ViewController.swift */; };
		001D290F1C9B87CA00E63823 /* Main.storyboard in Resources */ = {isa = PBXBuildFile; fileRef = 001D290D1C9B87CA00E63823 /* Main.storyboard */; };
		001D29111C9B87CA00E63823 /* Assets.xcassets in Resources */ = {isa = PBXBuildFile; fileRef = 001D29101C9B87CA00E63823 /* Assets.xcassets */; };
		001D29141C9B87CA00E63823 /* LaunchScreen.storyboard in Resources */ = {isa = PBXBuildFile; fileRef = 001D29121C9B87CA00E63823 /* LaunchScreen.storyboard */; };
/* End PBXBuildFile section */

/* Begin PBXFileReference section */
		001D29061C9B87CA00E63823 /* ejercicotextfield.app */ = {isa = PBXFileReference; explicitFileType = wrapper.application; includeInIndex = 0; path = ejercicotextfield.app; sourceTree = BUILT_PRODUCTS_DIR; };
		001D29091C9B87CA00E63823 /* AppDelegate.swift */ = {isa = PBXFileReference; lastKnownFileType = sourcecode.swift; path = AppDelegate.swift; sourceTree = "<group>"; };
		001D290B1C9B87CA00E63823 /* ViewController.swift */ = {isa = PBXFileReference; lastKnownFileType = sourcecode.swift; path = ViewController.swift; sourceTree = "<group>"; };
		001D290E1C9B87CA00E63823 /* Base */ = {isa = PBXFileReference; lastKnownFileType = file.storyboard; name = Base; path = Base.lproj/Main.storyboard; sourceTree = "<group>"; };
		001D29101C9B87CA00E63823 /* Assets.xcassets */ = {isa = PBXFileReference; lastKnownFileType = folder.assetcatalog; path = Assets.xcassets; sourceTree = "<group>"; };
		001D29131C9B87CA00E63823 /* Base */ = {isa = PBXFileReference; lastKnownFileType = file.storyboard; name = Base; path = Base.lproj/LaunchScreen.storyboard; sourceTree = "<group>"; };
		001D29151C9B87CA00E63823 /* Info.plist */ = {isa = PBXFileReference; lastKnownFileType = text.plist.xml; path = Info.plist; sourceTree = "<group>"; };
/* End PBXFileReference section */

/* Begin PBXFrameworksBuildPhase section */
		001D29031C9B87CA00E63823 /* Frameworks */ = {
			isa = PBXFrameworksBuildPhase;
			buildActionMask = 2147483647;
			files = (
			);
			runOnlyForDeploymentPostprocessing = 0;
		};
/* End PBXFrameworksBuildPhase section */

/* Begin PBXGroup section */
		001D28FD1C9B87CA00E63823 = {
			isa = PBXGroup;
			children = (
				001D29081C9B87CA00E63823 /* ejercicotextfield */,
				001D29071C9B87CA00E63823 /* Products */,
			);
			sourceTree = "<group>";
		};
		001D29071C9B87CA00E63823 /* Products */ = {
			isa = PBXGroup;
			children = (
				001D29061C9B87CA00E63823 /* ejercicotextfield.app */,
			);
			name = Products;
			sourceTree = "<group>";
		};
		001D29081C9B87CA00E63823 /* ejercicotextfield */ = {
			isa = PBXGroup;
			children = (
				001D29091C9B87CA00E63823 /* AppDelegate.swift */,
				001D290B1C9B87CA00E63823 /* ViewController.swift */,
				001D290D1C9B87CA00E63823 /* Main.storyboard */,
				001D29101C9B87CA00E63823 /* Assets.xcassets */,
				001D29121C9B87CA00E63823 /* LaunchScreen.storyboard */,
				001D29151C9B87CA00E63823 /* Info.plist */,
			);
			path = ejercicotextfield;
			sourceTree = "<group>";
		};
/* End PBXGroup section */

/* Begin PBXNativeTarget section */
		001D29051C9B87CA00E63823 /* ejercicotextfield */ = {
			isa = PBXNativeTarget;
			buildConfigurationList = 001D29181C9B87CA00E63823 /* Build configuration list for PBXNativeTarget "ejercicotextfield" */;
			buildPhases = (
				001D29021C9B87CA00E63823 /* Sources */,
				001D29031C9B87CA00E63823 /* Frameworks */,
				001D29041C9B87CA00E63823 /* Resources */,
			);
			buildRules = (
			);
			dependencies = (
			);
			name = ejercicotextfield;
			productName = ejercicotextfield;
			productReference = 001D29061C9B87CA00E63823 /* ejercicotextfield.app */;
			productType = "com.apple.product-type.application";
		};
/* End PBXNativeTarget section */

/* Begin PBXProject section */
		001D28FE1C9B87CA00E63823 /* Project object */ = {
			isa = PBXProject;
			attributes = {
				LastSwiftUpdateCheck = 0720;
				LastUpgradeCheck = 0720;
				ORGANIZATIONNAME = "ruddy plaza";
				TargetAttributes = {
					001D29051C9B87CA00E63823 = {
						CreatedOnToolsVersion = 7.2.1;
						DevelopmentTeam = 7PEV5G6TMD;
					};
				};
			};
			buildConfigurationList = 001D29011C9B87CA00E63823 /* Build configuration list for PBXProject "ejercicotextfield" */;
			compatibilityVersion = "Xcode 3.2";
			developmentRegion = English;
			hasScannedForEncodings = 0;
			knownRegions = (
				en,
				Base,
			);
			mainGroup = 001D28FD1C9B87CA00E63823;
			productRefGroup = 001D29071C9B87CA00E63823 /* Products */;
			projectDirPath = "";
			projectRoot = "";
			targets = (
				001D29051C9B87CA00E63823 /* ejercicotextfield */,
			);
		};
/* End PBXProject section */

/* Begin PBXResourcesBuildPhase section */
		001D29041C9B87CA00E63823 /* Resources */ = {
			isa = PBXResourcesBuildPhase;
			buildActionMask = 2147483647;
			files = (
				001D29141C9B87CA00E63823 /* LaunchScreen.storyboard in Resources */,
				001D29111C9B87CA00E63823 /* Assets.xcassets in Resources */,
				001D290F1C9B87CA00E63823 /* Main.storyboard in Resources */,
			);
			runOnlyForDeploymentPostprocessing = 0;
		};
/* End PBXResourcesBuildPhase section */

/* Begin PBXSourcesBuildPhase section */
		001D29021C9B87CA00E63823 /* Sources */ = {
			isa = PBXSourcesBuildPhase;
			buildActionMask = 2147483647;
			files = (
				001D290C1C9B87CA00E63823 /* ViewController.swift in Sources */,
				001D290A1C9B87CA00E63823 /* AppDelegate.swift in Sources */,
			);
			runOnlyForDeploymentPostprocessing = 0;
		};
/* End PBXSourcesBuildPhase section */

/* Begin PBXVariantGroup section */
		001D290D1C9B87CA00E63823 /* Main.storyboard */ = {
			isa = PBXVariantGroup;
			children = (
				001D290E1C9B87CA00E63823 /* Base */,
			);
			name = Main.storyboard;
			sourceTree = "<group>";
		};
		001D29121C9B87CA00E63823 /* LaunchScreen.storyboard */ = {
			isa = PBXVariantGroup;
			children = (
				001D29131C9B87CA00E63823 /* Base */,
			);
			name = LaunchScreen.storyboard;
			sourceTree = "<group>";
		};
/* End PBXVariantGroup section */

/* Begin XCBuildConfiguration section */
		001D29161C9B87CA00E63823 /* Debug */ = {
			isa = XCBuildConfiguration;
			buildSettings = {
				ALWAYS_SEARCH_USER_PATHS = NO;
				CLANG_CXX_LANGUAGE_STANDARD = "gnu++0x";
				CLANG_CXX_LIBRARY = "libc++";
				CLANG_ENABLE_MODULES = YES;
				CLANG_ENABLE_OBJC_ARC = YES;
				CLANG_WARN_BOOL_CONVERSION = YES;
				CLANG_WARN_CONSTANT_CONVERSION = YES;
				CLANG_WARN_DIRECT_OBJC_ISA_USAGE = YES_ERROR;
				CLANG_WARN_EMPTY_BODY = YES;
				CLANG_WARN_ENUM_CONVERSION = YES;
				CLANG_WARN_INT_CONVERSION = YES;
				CLANG_WARN_OBJC_ROOT_CLASS = YES_ERROR;
				CLANG_WARN_UNREACHABLE_CODE = YES;
				CLANG_WARN__DUPLICATE_METHOD_MATCH = YES;
				"CODE_SIGN_IDENTITY[sdk=iphoneos*]" = "iPhone Developer";
				COPY_PHASE_STRIP = NO;
				DEBUG_INFORMATION_FORMAT = dwarf;
				ENABLE_STRICT_OBJC_MSGSEND = YES;
				ENABLE_TESTABILITY = YES;
				GCC_C_LANGUAGE_STANDARD = gnu99;
				GCC_DYNAMIC_NO_PIC = NO;
				GCC_NO_COMMON_BLOCKS = YES;
				GCC_OPTIMIZATION_LEVEL = 0;
				GCC_PREPROCESSOR_DEFINITIONS = (
					"DEBUG=1",
					"$(inherited)",
				);
				GCC_WARN_64_TO_32_BIT_CONVERSION = YES;
				GCC_WARN_ABOUT_RETURN_TYPE = YES_ERROR;
				GCC_WARN_UNDECLARED_SELECTOR = YES;
				GCC_WARN_UNINITIALIZED_AUTOS = YES_AGGRESSIVE;
				GCC_WARN_UNUSED_FUNCTION = YES;
				GCC_WARN_UNUSED_VARIABLE = YES;
				IPHONEOS_DEPLOYMENT_TARGET = 9.2;
				MTL_ENABLE_DEBUG_INFO = YES;
				ONLY_ACTIVE_ARCH = YES;
				SDKROOT = iphoneos;
				SWIFT_OPTIMIZATION_LEVEL = "-Onone";
			};
			name = Debug;
		};
		001D29171C9B87CA00E63823 /* Release */ = {
			isa = XCBuildConfiguration;
			buildSettings = {
				ALWAYS_SEARCH_USER_PATHS = NO;
				CLANG_CXX_LANGUAGE_STANDARD = "gnu++0x";
				CLANG_CXX_LIBRARY = "libc++";
				CLANG_ENABLE_MODULES = YES;
				CLANG_ENABLE_OBJC_ARC = YES;
				CLANG_WARN_BOOL_CONVERSION = YES;
				CLANG_WARN_CONSTANT_CONVERSION = YES;
				CLANG_WARN_DIRECT_OBJC_ISA_USAGE = YES_ERROR;
				CLANG_WARN_EMPTY_BODY = YES;
				CLANG_WARN_ENUM_CONVERSION = YES;
				CLANG_WARN_INT_CONVERSION = YES;
				CLANG_WARN_OBJC_ROOT_CLASS = YES_ERROR;
				CLANG_WARN_UNREACHABLE_CODE = YES;
				CLANG_WARN__DUPLICATE_METHOD_MATCH = YES;
				"CODE_SIGN_IDENTITY[sdk=iphoneos*]" = "iPhone Developer";
				COPY_PHASE_STRIP = NO;
				DEBUG_INFORMATION_FORMAT = "dwarf-with-dsym";
				ENABLE_NS_ASSERTIONS = NO;
				ENABLE_STRICT_OBJC_MSGSEND = YES;
				GCC_C_LANGUAGE_STANDARD = gnu99;
				GCC_NO_COMMON_BLOCKS = YES;
				GCC_WARN_64_TO_32_BIT_CONVERSION = YES;
				GCC_WARN_ABOUT_RETURN_TYPE = YES_ERROR;
				GCC_WARN_UNDECLARED_SELECTOR = YES;
				GCC_WARN_UNINITIALIZED_AUTOS = YES_AGGRESSIVE;
				GCC_WARN_UNUSED_FUNCTION = YES;
				GCC_WARN_UNUSED_VARIABLE = YES;
				IPHONEOS_DEPLOYMENT_TARGET = 9.2;
				MTL_ENABLE_DEBUG_INFO = NO;
				SDKROOT = iphoneos;
				VALIDATE_PRODUCT = YES;
			};
			name = Release;
		};
		001D29191C9B87CA00E63823 /* Debug */ = {
			isa = XCBuildConfiguration;
			buildSettings = {
				ASSETCATALOG_COMPILER_APPICON_NAME = AppIcon;
				INFOPLIST_FILE = ejercicotextfield/Info.plist;
				LD_RUNPATH_SEARCH_PATHS = "$(inherited) @executable_path/Frameworks";
				PRODUCT_BUNDLE_IDENTIFIER = com.plasu.iosdeveloper.ejercicotextfield;
				PRODUCT_NAME = "$(TARGET_NAME)";
			};
			name = Debug;
		};
		001D291A1C9B87CA00E63823 /* Release */ = {
			isa = XCBuildConfiguration;
			buildSettings = {
				ASSETCATALOG_COMPILER_APPICON_NAME = AppIcon;
				INFOPLIST_FILE = ejercicotextfield/Info.plist;
				LD_RUNPATH_SEARCH_PATHS = "$(inherited) @executable_path/Frameworks";
				PRODUCT_BUNDLE_IDENTIFIER = com.plasu.iosdeveloper.ejercicotextfield;
				PRODUCT_NAME = "$(TARGET_NAME)";
			};
			name = Release;
		};
/* End XCBuildConfiguration section */

/* Begin XCConfigurationList section */
		001D29011C9B87CA00E63823 /* Build configuration list for PBXProject "ejercicotextfield" */ = {
			isa = XCConfigurationList;
			buildConfigurations = (
				001D29161C9B87CA00E63823 /* Debug */,
				001D29171C9B87CA00E63823 /* Release */,
			);
			defaultConfigurationIsVisible = 0;
			defaultConfigurationName = Release;
		};
		001D29181C9B87CA00E63823 /* Build configuration list for PBXNativeTarget "ejercicotextfield" */ = {
			isa = XCConfigurationList;
			buildConfigurations = (
				001D29191C9B87CA00E63823 /* Debug */,
				001D291A1C9B87CA00E63823 /* Release */,
			);
			defaultConfigurationIsVisible = 0;
		};
/* End XCConfigurationList section */
	};
	rootObject = 001D28FE1C9B87CA00E63823 /* Project object */;
}
